// !$*UTF8*$!
{
	archiveVersion = 1;
	classes = {
	};
	objectVersion = 46;
	objects = {

/* Begin PBXBuildFile section */
		9C04EEF11CAB6D7900680781 /* AppDelegate.swift in Sources */ = {isa = PBXBuildFile; fileRef = 9C04EEF01CAB6D7900680781 /* AppDelegate.swift */; };
		9C04EEF31CAB6D7900680781 /* YellowVC.swift in Sources */ = {isa = PBXBuildFile; fileRef = 9C04EEF21CAB6D7900680781 /* YellowVC.swift */; };
		9C04EEF81CAB6D7900680781 /* Assets.xcassets in Resources */ = {isa = PBXBuildFile; fileRef = 9C04EEF71CAB6D7900680781 /* Assets.xcassets */; };
		9C04EEFB1CAB6D7900680781 /* LaunchScreen.storyboard in Resources */ = {isa = PBXBuildFile; fileRef = 9C04EEF91CAB6D7900680781 /* LaunchScreen.storyboard */; };
		9C04EF031CAB6E0700680781 /* YellowVC.xib in Resources */ = {isa = PBXBuildFile; fileRef = 9C04EF021CAB6E0700680781 /* YellowVC.xib */; };
		9C04EF081CAB709000680781 /* BlueVC.swift in Sources */ = {isa = PBXBuildFile; fileRef = 9C04EF061CAB709000680781 /* BlueVC.swift */; };
		9C04EF091CAB709000680781 /* BlueVC.xib in Resources */ = {isa = PBXBuildFile; fileRef = 9C04EF071CAB709000680781 /* BlueVC.xib */; };
/* End PBXBuildFile section */

/* Begin PBXFileReference section */
		9C04EEED1CAB6D7900680781 /* noStoryboards-example.app */ = {isa = PBXFileReference; explicitFileType = wrapper.application; includeInIndex = 0; path = "noStoryboards-example.app"; sourceTree = BUILT_PRODUCTS_DIR; };
		9C04EEF01CAB6D7900680781 /* AppDelegate.swift */ = {isa = PBXFileReference; lastKnownFileType = sourcecode.swift; path = AppDelegate.swift; sourceTree = "<group>"; };
		9C04EEF21CAB6D7900680781 /* YellowVC.swift */ = {isa = PBXFileReference; lastKnownFileType = sourcecode.swift; path = YellowVC.swift; sourceTree = "<group>"; };
		9C04EEF71CAB6D7900680781 /* Assets.xcassets */ = {isa = PBXFileReference; lastKnownFileType = folder.assetcatalog; path = Assets.xcassets; sourceTree = "<group>"; };
		9C04EEFA1CAB6D7900680781 /* Base */ = {isa = PBXFileReference; lastKnownFileType = file.storyboard; name = Base; path = Base.lproj/LaunchScreen.storyboard; sourceTree = "<group>"; };
		9C04EEFC1CAB6D7900680781 /* Info.plist */ = {isa = PBXFileReference; lastKnownFileType = text.plist.xml; path = Info.plist; sourceTree = "<group>"; };
		9C04EF021CAB6E0700680781 /* YellowVC.xib */ = {isa = PBXFileReference; fileEncoding = 4; lastKnownFileType = file.xib; path = YellowVC.xib; sourceTree = "<group>"; };
		9C04EF061CAB709000680781 /* BlueVC.swift */ = {isa = PBXFileReference; fileEncoding = 4; lastKnownFileType = sourcecode.swift; path = BlueVC.swift; sourceTree = "<group>"; };
		9C04EF071CAB709000680781 /* BlueVC.xib */ = {isa = PBXFileReference; fileEncoding = 4; lastKnownFileType = file.xib; path = BlueVC.xib; sourceTree = "<group>"; };
/* End PBXFileReference section */

/* Begin PBXFrameworksBuildPhase section */
		9C04EEEA1CAB6D7900680781 /* Frameworks */ = {
			isa = PBXFrameworksBuildPhase;
			buildActionMask = 2147483647;
			files = (
			);
			runOnlyForDeploymentPostprocessing = 0;
		};
/* End PBXFrameworksBuildPhase section */

/* Begin PBXGroup section */
		9C04EEE41CAB6D7900680781 = {
			isa = PBXGroup;
			children = (
				9C04EEEF1CAB6D7900680781 /* noStoryboards-example */,
				9C04EEEE1CAB6D7900680781 /* Products */,
			);
			sourceTree = "<group>";
		};
		9C04EEEE1CAB6D7900680781 /* Products */ = {
			isa = PBXGroup;
			children = (
				9C04EEED1CAB6D7900680781 /* noStoryboards-example.app */,
			);
			name = Products;
			sourceTree = "<group>";
		};
		9C04EEEF1CAB6D7900680781 /* noStoryboards-example */ = {
			isa = PBXGroup;
			children = (
				9C04EF051CAB6E1500680781 /* Controller */,
				9C04EF041CAB6E0E00680781 /* View */,
				9C04EEF01CAB6D7900680781 /* AppDelegate.swift */,
				9C04EEF71CAB6D7900680781 /* Assets.xcassets */,
				9C04EEF91CAB6D7900680781 /* LaunchScreen.storyboard */,
				9C04EEFC1CAB6D7900680781 /* Info.plist */,
			);
			path = "noStoryboards-example";
			sourceTree = "<group>";
		};
		9C04EF041CAB6E0E00680781 /* View */ = {
			isa = PBXGroup;
			children = (
				9C04EF071CAB709000680781 /* BlueVC.xib */,
				9C04EF021CAB6E0700680781 /* YellowVC.xib */,
			);
			name = View;
			sourceTree = "<group>";
		};
		9C04EF051CAB6E1500680781 /* Controller */ = {
			isa = PBXGroup;
			children = (
				9C04EEF21CAB6D7900680781 /* YellowVC.swift */,
				9C04EF061CAB709000680781 /* BlueVC.swift */,
			);
			name = Controller;
			sourceTree = "<group>";
		};
/* End PBXGroup section */

/* Begin PBXNativeTarget section */
		9C04EEEC1CAB6D7900680781 /* noStoryboards-example */ = {
			isa = PBXNativeTarget;
			buildConfigurationList = 9C04EEFF1CAB6D7900680781 /* Build configuration list for PBXNativeTarget "noStoryboards-example" */;
			buildPhases = (
				9C04EEE91CAB6D7900680781 /* Sources */,
				9C04EEEA1CAB6D7900680781 /* Frameworks */,
				9C04EEEB1CAB6D7900680781 /* Resources */,
			);
			buildRules = (
			);
			dependencies = (
			);
			name = "noStoryboards-example";
			productName = "noStoryboards-example";
			productReference = 9C04EEED1CAB6D7900680781 /* noStoryboards-example.app */;
			productType = "com.apple.product-type.application";
		};
/* End PBXNativeTarget section */

/* Begin PBXProject section */
		9C04EEE51CAB6D7900680781 /* Project object */ = {
			isa = PBXProject;
			attributes = {
				LastSwiftUpdateCheck = 0730;
				LastUpgradeCheck = 0730;
				ORGANIZATIONNAME = "Junior Samaroo";
				TargetAttributes = {
					9C04EEEC1CAB6D7900680781 = {
						CreatedOnToolsVersion = 7.3;
						DevelopmentTeam = 6W27TEN3TD;
					};
				};
			};
			buildConfigurationList = 9C04EEE81CAB6D7900680781 /* Build configuration list for PBXProject "noStoryboards-example" */;
			compatibilityVersion = "Xcode 3.2";
			developmentRegion = English;
			hasScannedForEncodings = 0;
			knownRegions = (
				en,
				Base,
			);
			mainGroup = 9C04EEE41CAB6D7900680781;
			productRefGroup = 9C04EEEE1CAB6D7900680781 /* Products */;
			projectDirPath = "";
			projectRoot = "";
			targets = (
				9C04EEEC1CAB6D7900680781 /* noStoryboards-example */,
			);
		};
/* End PBXProject section */

/* Begin PBXResourcesBuildPhase section */
		9C04EEEB1CAB6D7900680781 /* Resources */ = {
			isa = PBXResourcesBuildPhase;
			buildActionMask = 2147483647;
			files = (
				9C04EF091CAB709000680781 /* BlueVC.xib in Resources */,
				9C04EF031CAB6E0700680781 /* YellowVC.xib in Resources */,
				9C04EEFB1CAB6D7900680781 /* LaunchScreen.storyboard in Resources */,
				9C04EEF81CAB6D7900680781 /* Assets.xcassets in Resources */,
			);
			runOnlyForDeploymentPostprocessing = 0;
		};
/* End PBXResourcesBuildPhase section */

/* Begin PBXSourcesBuildPhase section */
		9C04EEE91CAB6D7900680781 /* Sources */ = {
			isa = PBXSourcesBuildPhase;
			buildActionMask = 2147483647;
			files = (
				9C04EEF31CAB6D7900680781 /* YellowVC.swift in Sources */,
				9C04EEF11CAB6D7900680781 /* AppDelegate.swift in Sources */,
				9C04EF081CAB709000680781 /* BlueVC.swift in Sources */,
			);
			runOnlyForDeploymentPostprocessing = 0;
		};
/* End PBXSourcesBuildPhase section */

/* Begin PBXVariantGroup section */
		9C04EEF91CAB6D7900680781 /* LaunchScreen.storyboard */ = {
			isa = PBXVariantGroup;
			children = (
				9C04EEFA1CAB6D7900680781 /* Base */,
			);
			name = LaunchScreen.storyboard;
			sourceTree = "<group>";
		};
/* End PBXVariantGroup section */

/* Begin XCBuildConfiguration section */
		9C04EEFD1CAB6D7900680781 /* Debug */ = {
			isa = XCBuildConfiguration;
			buildSettings = {
				ALWAYS_SEARCH_USER_PATHS = NO;
				CLANG_ANALYZER_NONNULL = YES;
				CLANG_CXX_LANGUAGE_STANDARD = "gnu++0x";
				CLANG_CXX_LIBRARY = "libc++";
				CLANG_ENABLE_MODULES = YES;
				CLANG_ENABLE_OBJC_ARC = YES;
				CLANG_WARN_BOOL_CONVERSION = YES;
				CLANG_WARN_CONSTANT_CONVERSION = YES;
				CLANG_WARN_DIRECT_OBJC_ISA_USAGE = YES_ERROR;
				CLANG_WARN_EMPTY_BODY = YES;
				CLANG_WARN_ENUM_CONVERSION = YES;
				CLANG_WARN_INT_CONVERSION = YES;
				CLANG_WARN_OBJC_ROOT_CLASS = YES_ERROR;
				CLANG_WARN_UNREACHABLE_CODE = YES;
				CLANG_WARN__DUPLICATE_METHOD_MATCH = YES;
				"CODE_SIGN_IDENTITY[sdk=iphoneos*]" = "iPhone Developer";
				COPY_PHASE_STRIP = NO;
				DEBUG_INFORMATION_FORMAT = dwarf;
				ENABLE_STRICT_OBJC_MSGSEND = YES;
				ENABLE_TESTABILITY = YES;
				GCC_C_LANGUAGE_STANDARD = gnu99;
				GCC_DYNAMIC_NO_PIC = NO;
				GCC_NO_COMMON_BLOCKS = YES;
				GCC_OPTIMIZATION_LEVEL = 0;
				GCC_PREPROCESSOR_DEFINITIONS = (
					"DEBUG=1",
					"$(inherited)",
				);
				GCC_WARN_64_TO_32_BIT_CONVERSION = YES;
				GCC_WARN_ABOUT_RETURN_TYPE = YES_ERROR;
				GCC_WARN_UNDECLARED_SELECTOR = YES;
				GCC_WARN_UNINITIALIZED_AUTOS = YES_AGGRESSIVE;
				GCC_WARN_UNUSED_FUNCTION = YES;
				GCC_WARN_UNUSED_VARIABLE = YES;
				IPHONEOS_DEPLOYMENT_TARGET = 9.3;
				MTL_ENABLE_DEBUG_INFO = YES;
				ONLY_ACTIVE_ARCH = YES;
				SDKROOT = iphoneos;
				SWIFT_OPTIMIZATION_LEVEL = "-Onone";
				TARGETED_DEVICE_FAMILY = "1,2";
			};
			name = Debug;
		};
		9C04EEFE1CAB6D7900680781 /* Release */ = {
			isa = XCBuildConfiguration;
			buildSettings = {
				ALWAYS_SEARCH_USER_PATHS = NO;
				CLANG_ANALYZER_NONNULL = YES;
				CLANG_CXX_LANGUAGE_STANDARD = "gnu++0x";
				CLANG_CXX_LIBRARY = "libc++";
				CLANG_ENABLE_MODULES = YES;
				CLANG_ENABLE_OBJC_ARC = YES;
				CLANG_WARN_BOOL_CONVERSION = YES;
				CLANG_WARN_CONSTANT_CONVERSION = YES;
				CLANG_WARN_DIRECT_OBJC_ISA_USAGE = YES_ERROR;
				CLANG_WARN_EMPTY_BODY = YES;
				CLANG_WARN_ENUM_CONVERSION = YES;
				CLANG_WARN_INT_CONVERSION = YES;
				CLANG_WARN_OBJC_ROOT_CLASS = YES_ERROR;
				CLANG_WARN_UNREACHABLE_CODE = YES;
				CLANG_WARN__DUPLICATE_METHOD_MATCH = YES;
				"CODE_SIGN_IDENTITY[sdk=iphoneos*]" = "iPhone Developer";
				COPY_PHASE_STRIP = NO;
				DEBUG_INFORMATION_FORMAT = "dwarf-with-dsym";
				ENABLE_NS_ASSERTIONS = NO;
				ENABLE_STRICT_OBJC_MSGSEND = YES;
				GCC_C_LANGUAGE_STANDARD = gnu99;
				GCC_NO_COMMON_BLOCKS = YES;
				GCC_WARN_64_TO_32_BIT_CONVERSION = YES;
				GCC_WARN_ABOUT_RETURN_TYPE = YES_ERROR;
				GCC_WARN_UNDECLARED_SELECTOR = YES;
				GCC_WARN_UNINITIALIZED_AUTOS = YES_AGGRESSIVE;
				GCC_WARN_UNUSED_FUNCTION = YES;
				GCC_WARN_UNUSED_VARIABLE = YES;
				IPHONEOS_DEPLOYMENT_TARGET = 9.3;
				MTL_ENABLE_DEBUG_INFO = NO;
				SDKROOT = iphoneos;
				TARGETED_DEVICE_FAMILY = "1,2";
				VALIDATE_PRODUCT = YES;
			};
			name = Release;
		};
		9C04EF001CAB6D7900680781 /* Debug */ = {
			isa = XCBuildConfiguration;
			buildSettings = {
				ASSETCATALOG_COMPILER_APPICON_NAME = AppIcon;
				CODE_SIGN_IDENTITY = "iPhone Developer";
				"CODE_SIGN_IDENTITY[sdk=iphoneos*]" = "iPhone Developer";
				INFOPLIST_FILE = "noStoryboards-example/Info.plist";
				LD_RUNPATH_SEARCH_PATHS = "$(inherited) @executable_path/Frameworks";
				PRODUCT_BUNDLE_IDENTIFIER = "com.juniorsamaroo.noStoryboards-example";
				PRODUCT_NAME = "$(TARGET_NAME)";
				PROVISIONING_PROFILE = "";
			};
			name = Debug;
		};
		9C04EF011CAB6D7900680781 /* Release */ = {
			isa = XCBuildConfiguration;
			buildSettings = {
				ASSETCATALOG_COMPILER_APPICON_NAME = AppIcon;
				CODE_SIGN_IDENTITY = "iPhone Developer";
				"CODE_SIGN_IDENTITY[sdk=iphoneos*]" = "iPhone Developer";
				INFOPLIST_FILE = "noStoryboards-example/Info.plist";
				LD_RUNPATH_SEARCH_PATHS = "$(inherited) @executable_path/Frameworks";
				PRODUCT_BUNDLE_IDENTIFIER = "com.juniorsamaroo.noStoryboards-example";
				PRODUCT_NAME = "$(TARGET_NAME)";
				PROVISIONING_PROFILE = "";
			};
			name = Release;
		};
/* End XCBuildConfiguration section */

/* Begin XCConfigurationList section */
		9C04EEE81CAB6D7900680781 /* Build configuration list for PBXProject "noStoryboards-example" */ = {
			isa = XCConfigurationList;
			buildConfigurations = (
				9C04EEFD1CAB6D7900680781 /* Debug */,
				9C04EEFE1CAB6D7900680781 /* Release */,
			);
			defaultConfigurationIsVisible = 0;
			defaultConfigurationName = Release;
		};
		9C04EEFF1CAB6D7900680781 /* Build configuration list for PBXNativeTarget "noStoryboards-example" */ = {
			isa = XCConfigurationList;
			buildConfigurations = (
				9C04EF001CAB6D7900680781 /* Debug */,
				9C04EF011CAB6D7900680781 /* Release */,
			);
			defaultConfigurationIsVisible = 0;
		};
/* End XCConfigurationList section */
	};
	rootObject = 9C04EEE51CAB6D7900680781 /* Project object */;
}
